# THIS IS AN AUTOGENERATED FILE. DO NOT EDIT THIS FILE DIRECTLY.
# yarn lockfile v1


create-next-app@^12.2.0:
  version "12.3.4"
  resolved "https://registry.yarnpkg.com/create-next-app/-/create-next-app-12.3.4.tgz#86f651c7bc4324dc2fb3fb1a9146912432f2b5dd"
  integrity sha512-OqTJv+Pc9pVpxf1fbxLuOkCbPHVBTbjEUBUFNd2E4u5RrPgwAJox6+b3fbYtfpXMj949uFlYIRPAmcvvnWA1+g==

create-playwright@^1.17.126:
  version "1.17.126"
  resolved "https://registry.yarnpkg.com/create-playwright/-/create-playwright-1.17.126.tgz#3ea52f83b0673c7e2d8b5d5852315d5780a829f5"
  integrity sha512-qbjV2lF6ZhtPXZVKdtCGlUdsUD6wUR2FfgkWmPjs/fODjltqjl+lmqSX6dQBFwkun5j2dn+1sQDPWoKNa51X9w==
