# THIS IS AN AUTOGENERATED FILE. DO NOT EDIT THIS FILE DIRECTLY.
# yarn lockfile v1


aws-cdk@2.29.1:
  version "2.29.1"
  resolved "https://registry.yarnpkg.com/aws-cdk/-/aws-cdk-2.29.1.tgz#3b7360c6d195c23cbdb7c994d88e777d4ad106c8"
  integrity sha512-JRuxHfMPR7kpGrk5fA1NgBmTLPpVa2gIRf5Pz+T9XaHM0lB8QLOkjXD6O5UJvgQtx/rwYAyD8b+n3b1rKaEGRQ==
  optionalDependencies:
    fsevents "2.3.2"

cdk@^2.29.1:
  version "2.29.1"
  resolved "https://registry.yarnpkg.com/cdk/-/cdk-2.29.1.tgz#4e1b97b882d93c79b0c6d3652adfc322cd8d59b1"
  integrity sha512-y3jD4Kiw9smbbDZxxUUX392lOAnn/c30gwiCGmrHUYAvesg/Qc/qSTVDqYsYvYYtXi9TkWy+L+WhK4cZJj2/YA==
  dependencies:
    aws-cdk "2.29.1"

create-next-app@^12.2.0:
  version "12.2.0"
  resolved "https://registry.yarnpkg.com/create-next-app/-/create-next-app-12.2.0.tgz#288c53fc9b2e9319a50e90f5663f95cd571ef1d4"
  integrity sha512-1svrGr76MJeXzb14/fCDETL9/4Tult6fByQ472O7xZafbdGvi0y9oHPqFvD1R+8CMLH9KTMmcArudh1f4ADB4A==

fsevents@2.3.2:
  version "2.3.2"
  resolved "https://registry.yarnpkg.com/fsevents/-/fsevents-2.3.2.tgz#8a526f78b8fdf4623b709e0b975c52c24c02fd1a"
  integrity sha512-xiqMQR4xAeHTuB9uWm+fFRcIOgKBMiOBP+eXiyT7jsgVCq1bkVygt00oASowB7EdtpOHaaPgKt812P9ab+DDKA==
